github.com/zelinskayas/Lets_GO_ibolit v1.0.0 h1:iSpD3szKiudTb/ZJcj33DxpVFA+DJ8TM8cc7caWgesw=
github.com/zelinskayas/Lets_GO_ibolit v1.0.0/go.mod h1:mT+y2rf+Et9FaXWeB4MnzYtYY/pf3J4uicmqBvvw728=
github.com/zelinskayas/Lets_GO_ibolit v1.1.0 h1:lB9lgLcItCkTc480PxnSi2aAWd1CmURcvowZhKTgVoE=
github.com/zelinskayas/Lets_GO_ibolit v1.1.0/go.mod h1:mT+y2rf+Et9FaXWeB4MnzYtYY/pf3J4uicmqBvvw728=
github.com/zelinskayas/Lets_GO_ibolit/v2 v2.0.0 h1:x2dcXnbkBTSgYhOorxAHKcxX65YzdnRDm+f8VPtvCdk=
github.com/zelinskayas/Lets_GO_ibolit/v2 v2.0.0/go.mod h1:cMKmTq9+hk4NvapOYCOc+UmW5fqvv2KxQRuRCG500tc=
github.com/zelinskayas/Lets_GO_ibolit/v2 v2.1.0 h1:FIPl7XyyaQcVB7d+YorD36b9aQqtSfX41Gi12yICOKg=
github.com/zelinskayas/Lets_GO_ibolit/v2 v2.1.0/go.mod h1:cMKmTq9+hk4NvapOYCOc+UmW5fqvv2KxQRuRCG500tc=
