github.com/zelinskayas/test_mod v1.0.0 h1:yH9JAv9G7S5G7fpBeQCwRTyZkfXUdrq5GpMN5QK8lkI=
github.com/zelinskayas/test_mod v1.0.0/go.mod h1:VmcrnzQTCiCguEeILZzEeXCGYn6G9Nh5CppEh+IlMxw=
github.com/zelinskayas/test_mod v1.1.0 h1:VHbhlIggQZpMYPylJfhQ/pMW40q30TOt1UuhjiFly8o=
github.com/zelinskayas/test_mod v1.1.0/go.mod h1:VmcrnzQTCiCguEeILZzEeXCGYn6G9Nh5CppEh+IlMxw=
